// !$*UTF8*$!
{
	archiveVersion = 1;
	classes = {
	};
	objectVersion = 55;
	objects = {

/* Begin PBXBuildFile section */
		CEAE75022874168900CE4379 /* Ukraine_Russian_WarApp.swift in Sources */ = {isa = PBXBuildFile; fileRef = CEAE75012874168900CE4379 /* Ukraine_Russian_WarApp.swift */; };
		CEAE75042874168900CE4379 /* ContentView.swift in Sources */ = {isa = PBXBuildFile; fileRef = CEAE75032874168900CE4379 /* ContentView.swift */; };
		CEAE75062874168A00CE4379 /* Assets.xcassets in Resources */ = {isa = PBXBuildFile; fileRef = CEAE75052874168A00CE4379 /* Assets.xcassets */; };
		CEAE75092874168A00CE4379 /* Preview Assets.xcassets in Resources */ = {isa = PBXBuildFile; fileRef = CEAE75082874168A00CE4379 /* Preview Assets.xcassets */; };
		CEAE75102874172C00CE4379 /* russia_losses_personnel.json in Resources */ = {isa = PBXBuildFile; fileRef = CEAE750F2874172C00CE4379 /* russia_losses_personnel.json */; };
		CEAE7514287417A400CE4379 /* Image.swift in Sources */ = {isa = PBXBuildFile; fileRef = CEAE7513287417A400CE4379 /* Image.swift */; };
		CEAE751628741E9200CE4379 /* EquipmentLosses.swift in Sources */ = {isa = PBXBuildFile; fileRef = CEAE751528741E9200CE4379 /* EquipmentLosses.swift */; };
		CEAE75192874544400CE4379 /* ModellData.swift in Sources */ = {isa = PBXBuildFile; fileRef = CEAE75182874544400CE4379 /* ModellData.swift */; };
		CEAE751F2874555C00CE4379 /* DataRow.swift in Sources */ = {isa = PBXBuildFile; fileRef = CEAE751E2874555C00CE4379 /* DataRow.swift */; };
		CEAE7521287457DF00CE4379 /* DataList.swift in Sources */ = {isa = PBXBuildFile; fileRef = CEAE7520287457DE00CE4379 /* DataList.swift */; };
		CEAE752328745AB100CE4379 /* EquipmentLossesDetail.swift in Sources */ = {isa = PBXBuildFile; fileRef = CEAE752228745AB100CE4379 /* EquipmentLossesDetail.swift */; };
		CEAE75292878AEF700CE4379 /* russia_losses_equipment.json in Resources */ = {isa = PBXBuildFile; fileRef = CEAE75282878AEF700CE4379 /* russia_losses_equipment.json */; };
		CEAE752D2879733F00CE4379 /* AnyCodableValue.swift in Sources */ = {isa = PBXBuildFile; fileRef = CEAE752C2879733F00CE4379 /* AnyCodableValue.swift */; };
		CEAE7539287BFEC300CE4379 /* PerssonalLosses.swift in Sources */ = {isa = PBXBuildFile; fileRef = CEAE7538287BFEC300CE4379 /* PerssonalLosses.swift */; };
		CEAE753D287C09A000CE4379 /* EquipmentButton.swift in Sources */ = {isa = PBXBuildFile; fileRef = CEAE753C287C09A000CE4379 /* EquipmentButton.swift */; };
		CEAE753F287C0CED00CE4379 /* PersonalDataList.swift in Sources */ = {isa = PBXBuildFile; fileRef = CEAE753E287C0CED00CE4379 /* PersonalDataList.swift */; };
		CEAE7541287C0D5E00CE4379 /* PerssonalLossesDetail.swift in Sources */ = {isa = PBXBuildFile; fileRef = CEAE7540287C0D5E00CE4379 /* PerssonalLossesDetail.swift */; };
		CEAE7543287C0E3600CE4379 /* PerssonelDataRow.swift in Sources */ = {isa = PBXBuildFile; fileRef = CEAE7542287C0E3500CE4379 /* PerssonelDataRow.swift */; };
/* End PBXBuildFile section */

/* Begin PBXFileReference section */
		CEAE74FE2874168900CE4379 /* Ukraine-Russian War.app */ = {isa = PBXFileReference; explicitFileType = wrapper.application; includeInIndex = 0; path = "Ukraine-Russian War.app"; sourceTree = BUILT_PRODUCTS_DIR; };
		CEAE75012874168900CE4379 /* Ukraine_Russian_WarApp.swift */ = {isa = PBXFileReference; lastKnownFileType = sourcecode.swift; path = Ukraine_Russian_WarApp.swift; sourceTree = "<group>"; };
		CEAE75032874168900CE4379 /* ContentView.swift */ = {isa = PBXFileReference; lastKnownFileType = sourcecode.swift; path = ContentView.swift; sourceTree = "<group>"; };
		CEAE75052874168A00CE4379 /* Assets.xcassets */ = {isa = PBXFileReference; lastKnownFileType = folder.assetcatalog; path = Assets.xcassets; sourceTree = "<group>"; };
		CEAE75082874168A00CE4379 /* Preview Assets.xcassets */ = {isa = PBXFileReference; lastKnownFileType = folder.assetcatalog; path = "Preview Assets.xcassets"; sourceTree = "<group>"; };
		CEAE750F2874172C00CE4379 /* russia_losses_personnel.json */ = {isa = PBXFileReference; fileEncoding = 4; lastKnownFileType = text.json; path = russia_losses_personnel.json; sourceTree = "<group>"; };
		CEAE7513287417A400CE4379 /* Image.swift */ = {isa = PBXFileReference; lastKnownFileType = sourcecode.swift; path = Image.swift; sourceTree = "<group>"; };
		CEAE751528741E9200CE4379 /* EquipmentLosses.swift */ = {isa = PBXFileReference; lastKnownFileType = sourcecode.swift; path = EquipmentLosses.swift; sourceTree = "<group>"; };
		CEAE75182874544400CE4379 /* ModellData.swift */ = {isa = PBXFileReference; lastKnownFileType = sourcecode.swift; path = ModellData.swift; sourceTree = "<group>"; };
		CEAE751E2874555C00CE4379 /* DataRow.swift */ = {isa = PBXFileReference; lastKnownFileType = sourcecode.swift; path = DataRow.swift; sourceTree = "<group>"; };
		CEAE7520287457DE00CE4379 /* DataList.swift */ = {isa = PBXFileReference; lastKnownFileType = sourcecode.swift; path = DataList.swift; sourceTree = "<group>"; };
		CEAE752228745AB100CE4379 /* EquipmentLossesDetail.swift */ = {isa = PBXFileReference; lastKnownFileType = sourcecode.swift; path = EquipmentLossesDetail.swift; sourceTree = "<group>"; };
		CEAE75282878AEF700CE4379 /* russia_losses_equipment.json */ = {isa = PBXFileReference; fileEncoding = 4; lastKnownFileType = text.json; path = russia_losses_equipment.json; sourceTree = "<group>"; };
		CEAE752C2879733F00CE4379 /* AnyCodableValue.swift */ = {isa = PBXFileReference; lastKnownFileType = sourcecode.swift; path = AnyCodableValue.swift; sourceTree = "<group>"; };
		CEAE7538287BFEC300CE4379 /* PerssonalLosses.swift */ = {isa = PBXFileReference; lastKnownFileType = sourcecode.swift; path = PerssonalLosses.swift; sourceTree = "<group>"; };
		CEAE753C287C09A000CE4379 /* EquipmentButton.swift */ = {isa = PBXFileReference; lastKnownFileType = sourcecode.swift; path = EquipmentButton.swift; sourceTree = "<group>"; };
		CEAE753E287C0CED00CE4379 /* PersonalDataList.swift */ = {isa = PBXFileReference; lastKnownFileType = sourcecode.swift; path = PersonalDataList.swift; sourceTree = "<group>"; };
		CEAE7540287C0D5E00CE4379 /* PerssonalLossesDetail.swift */ = {isa = PBXFileReference; lastKnownFileType = sourcecode.swift; path = PerssonalLossesDetail.swift; sourceTree = "<group>"; };
		CEAE7542287C0E3500CE4379 /* PerssonelDataRow.swift */ = {isa = PBXFileReference; lastKnownFileType = sourcecode.swift; path = PerssonelDataRow.swift; sourceTree = "<group>"; };
/* End PBXFileReference section */

/* Begin PBXFrameworksBuildPhase section */
		CEAE74FB2874168900CE4379 /* Frameworks */ = {
			isa = PBXFrameworksBuildPhase;
			buildActionMask = 2147483647;
			files = (
			);
			runOnlyForDeploymentPostprocessing = 0;
		};
/* End PBXFrameworksBuildPhase section */

/* Begin PBXGroup section */
		CEAE74F52874168900CE4379 = {
			isa = PBXGroup;
			children = (
				CEAE75002874168900CE4379 /* Ukraine-Russian War */,
				CEAE74FF2874168900CE4379 /* Products */,
			);
			sourceTree = "<group>";
		};
		CEAE74FF2874168900CE4379 /* Products */ = {
			isa = PBXGroup;
			children = (
				CEAE74FE2874168900CE4379 /* Ukraine-Russian War.app */,
			);
			name = Products;
			sourceTree = "<group>";
		};
		CEAE75002874168900CE4379 /* Ukraine-Russian War */ = {
			isa = PBXGroup;
			children = (
				CEAE75012874168900CE4379 /* Ukraine_Russian_WarApp.swift */,
				CEAE751B2874550A00CE4379 /* View */,
				CEAE75172874232D00CE4379 /* Model */,
				CEAE75072874168A00CE4379 /* Preview Content */,
			);
			path = "Ukraine-Russian War";
			sourceTree = "<group>";
		};
		CEAE75072874168A00CE4379 /* Preview Content */ = {
			isa = PBXGroup;
			children = (
				CEAE75282878AEF700CE4379 /* russia_losses_equipment.json */,
				CEAE750F2874172C00CE4379 /* russia_losses_personnel.json */,
				CEAE75082874168A00CE4379 /* Preview Assets.xcassets */,
				CEAE75052874168A00CE4379 /* Assets.xcassets */,
			);
			path = "Preview Content";
			sourceTree = "<group>";
		};
		CEAE75172874232D00CE4379 /* Model */ = {
			isa = PBXGroup;
			children = (
				CEAE751528741E9200CE4379 /* EquipmentLosses.swift */,
				CEAE7538287BFEC300CE4379 /* PerssonalLosses.swift */,
				CEAE752C2879733F00CE4379 /* AnyCodableValue.swift */,
				CEAE75182874544400CE4379 /* ModellData.swift */,
			);
			path = Model;
			sourceTree = "<group>";
		};
		CEAE751B2874550A00CE4379 /* View */ = {
			isa = PBXGroup;
			children = (
				CEAE75032874168900CE4379 /* ContentView.swift */,
				CEAE753C287C09A000CE4379 /* EquipmentButton.swift */,
				CEAE752228745AB100CE4379 /* EquipmentLossesDetail.swift */,
				CEAE7520287457DE00CE4379 /* DataList.swift */,
				CEAE751E2874555C00CE4379 /* DataRow.swift */,
				CEAE7542287C0E3500CE4379 /* PerssonelDataRow.swift */,
				CEAE7540287C0D5E00CE4379 /* PerssonalLossesDetail.swift */,
				CEAE753E287C0CED00CE4379 /* PersonalDataList.swift */,
				CEAE7513287417A400CE4379 /* Image.swift */,
			);
			path = View;
			sourceTree = "<group>";
		};
/* End PBXGroup section */

/* Begin PBXNativeTarget section */
		CEAE74FD2874168900CE4379 /* Ukraine-Russian War */ = {
			isa = PBXNativeTarget;
			buildConfigurationList = CEAE750C2874168A00CE4379 /* Build configuration list for PBXNativeTarget "Ukraine-Russian War" */;
			buildPhases = (
				CEAE74FA2874168900CE4379 /* Sources */,
				CEAE74FB2874168900CE4379 /* Frameworks */,
				CEAE74FC2874168900CE4379 /* Resources */,
			);
			buildRules = (
			);
			dependencies = (
			);
			name = "Ukraine-Russian War";
			productName = "Ukraine-Russian War";
			productReference = CEAE74FE2874168900CE4379 /* Ukraine-Russian War.app */;
			productType = "com.apple.product-type.application";
		};
/* End PBXNativeTarget section */

/* Begin PBXProject section */
		CEAE74F62874168900CE4379 /* Project object */ = {
			isa = PBXProject;
			attributes = {
				BuildIndependentTargetsInParallel = 1;
				LastSwiftUpdateCheck = 1340;
				LastUpgradeCheck = 1340;
				TargetAttributes = {
					CEAE74FD2874168900CE4379 = {
						CreatedOnToolsVersion = 13.4.1;
					};
				};
			};
			buildConfigurationList = CEAE74F92874168900CE4379 /* Build configuration list for PBXProject "Ukraine-Russian War" */;
			compatibilityVersion = "Xcode 13.0";
			developmentRegion = en;
			hasScannedForEncodings = 0;
			knownRegions = (
				en,
				Base,
			);
			mainGroup = CEAE74F52874168900CE4379;
			productRefGroup = CEAE74FF2874168900CE4379 /* Products */;
			projectDirPath = "";
			projectRoot = "";
			targets = (
				CEAE74FD2874168900CE4379 /* Ukraine-Russian War */,
			);
		};
/* End PBXProject section */

/* Begin PBXResourcesBuildPhase section */
		CEAE74FC2874168900CE4379 /* Resources */ = {
			isa = PBXResourcesBuildPhase;
			buildActionMask = 2147483647;
			files = (
				CEAE75102874172C00CE4379 /* russia_losses_personnel.json in Resources */,
				CEAE75092874168A00CE4379 /* Preview Assets.xcassets in Resources */,
				CEAE75292878AEF700CE4379 /* russia_losses_equipment.json in Resources */,
				CEAE75062874168A00CE4379 /* Assets.xcassets in Resources */,
			);
			runOnlyForDeploymentPostprocessing = 0;
		};
/* End PBXResourcesBuildPhase section */

/* Begin PBXSourcesBuildPhase section */
		CEAE74FA2874168900CE4379 /* Sources */ = {
			isa = PBXSourcesBuildPhase;
			buildActionMask = 2147483647;
			files = (
				CEAE751F2874555C00CE4379 /* DataRow.swift in Sources */,
				CEAE752D2879733F00CE4379 /* AnyCodableValue.swift in Sources */,
				CEAE753F287C0CED00CE4379 /* PersonalDataList.swift in Sources */,
				CEAE7541287C0D5E00CE4379 /* PerssonalLossesDetail.swift in Sources */,
				CEAE75042874168900CE4379 /* ContentView.swift in Sources */,
				CEAE753D287C09A000CE4379 /* EquipmentButton.swift in Sources */,
				CEAE752328745AB100CE4379 /* EquipmentLossesDetail.swift in Sources */,
				CEAE7539287BFEC300CE4379 /* PerssonalLosses.swift in Sources */,
				CEAE7521287457DF00CE4379 /* DataList.swift in Sources */,
				CEAE751628741E9200CE4379 /* EquipmentLosses.swift in Sources */,
				CEAE7543287C0E3600CE4379 /* PerssonelDataRow.swift in Sources */,
				CEAE75192874544400CE4379 /* ModellData.swift in Sources */,
				CEAE7514287417A400CE4379 /* Image.swift in Sources */,
				CEAE75022874168900CE4379 /* Ukraine_Russian_WarApp.swift in Sources */,
			);
			runOnlyForDeploymentPostprocessing = 0;
		};
/* End PBXSourcesBuildPhase section */

/* Begin XCBuildConfiguration section */
		CEAE750A2874168A00CE4379 /* Debug */ = {
			isa = XCBuildConfiguration;
			buildSettings = {
				ALWAYS_SEARCH_USER_PATHS = NO;
				CLANG_ANALYZER_NONNULL = YES;
				CLANG_ANALYZER_NUMBER_OBJECT_CONVERSION = YES_AGGRESSIVE;
				CLANG_CXX_LANGUAGE_STANDARD = "gnu++17";
				CLANG_ENABLE_MODULES = YES;
				CLANG_ENABLE_OBJC_ARC = YES;
				CLANG_ENABLE_OBJC_WEAK = YES;
				CLANG_WARN_BLOCK_CAPTURE_AUTORELEASING = YES;
				CLANG_WARN_BOOL_CONVERSION = YES;
				CLANG_WARN_COMMA = YES;
				CLANG_WARN_CONSTANT_CONVERSION = YES;
				CLANG_WARN_DEPRECATED_OBJC_IMPLEMENTATIONS = YES;
				CLANG_WARN_DIRECT_OBJC_ISA_USAGE = YES_ERROR;
				CLANG_WARN_DOCUMENTATION_COMMENTS = YES;
				CLANG_WARN_EMPTY_BODY = YES;
				CLANG_WARN_ENUM_CONVERSION = YES;
				CLANG_WARN_INFINITE_RECURSION = YES;
				CLANG_WARN_INT_CONVERSION = YES;
				CLANG_WARN_NON_LITERAL_NULL_CONVERSION = YES;
				CLANG_WARN_OBJC_IMPLICIT_RETAIN_SELF = YES;
				CLANG_WARN_OBJC_LITERAL_CONVERSION = YES;
				CLANG_WARN_OBJC_ROOT_CLASS = YES_ERROR;
				CLANG_WARN_QUOTED_INCLUDE_IN_FRAMEWORK_HEADER = YES;
				CLANG_WARN_RANGE_LOOP_ANALYSIS = YES;
				CLANG_WARN_STRICT_PROTOTYPES = YES;
				CLANG_WARN_SUSPICIOUS_MOVE = YES;
				CLANG_WARN_UNGUARDED_AVAILABILITY = YES_AGGRESSIVE;
				CLANG_WARN_UNREACHABLE_CODE = YES;
				CLANG_WARN__DUPLICATE_METHOD_MATCH = YES;
				COPY_PHASE_STRIP = NO;
				DEBUG_INFORMATION_FORMAT = dwarf;
				ENABLE_STRICT_OBJC_MSGSEND = YES;
				ENABLE_TESTABILITY = YES;
				GCC_C_LANGUAGE_STANDARD = gnu11;
				GCC_DYNAMIC_NO_PIC = NO;
				GCC_NO_COMMON_BLOCKS = YES;
				GCC_OPTIMIZATION_LEVEL = 0;
				GCC_PREPROCESSOR_DEFINITIONS = (
					"DEBUG=1",
					"$(inherited)",
				);
				GCC_WARN_64_TO_32_BIT_CONVERSION = YES;
				GCC_WARN_ABOUT_RETURN_TYPE = YES_ERROR;
				GCC_WARN_UNDECLARED_SELECTOR = YES;
				GCC_WARN_UNINITIALIZED_AUTOS = YES_AGGRESSIVE;
				GCC_WARN_UNUSED_FUNCTION = YES;
				GCC_WARN_UNUSED_VARIABLE = YES;
				IPHONEOS_DEPLOYMENT_TARGET = 15.5;
				MTL_ENABLE_DEBUG_INFO = INCLUDE_SOURCE;
				MTL_FAST_MATH = YES;
				ONLY_ACTIVE_ARCH = YES;
				SDKROOT = iphoneos;
				SWIFT_ACTIVE_COMPILATION_CONDITIONS = DEBUG;
				SWIFT_OPTIMIZATION_LEVEL = "-Onone";
			};
			name = Debug;
		};
		CEAE750B2874168A00CE4379 /* Release */ = {
			isa = XCBuildConfiguration;
			buildSettings = {
				ALWAYS_SEARCH_USER_PATHS = NO;
				CLANG_ANALYZER_NONNULL = YES;
				CLANG_ANALYZER_NUMBER_OBJECT_CONVERSION = YES_AGGRESSIVE;
				CLANG_CXX_LANGUAGE_STANDARD = "gnu++17";
				CLANG_ENABLE_MODULES = YES;
				CLANG_ENABLE_OBJC_ARC = YES;
				CLANG_ENABLE_OBJC_WEAK = YES;
				CLANG_WARN_BLOCK_CAPTURE_AUTORELEASING = YES;
				CLANG_WARN_BOOL_CONVERSION = YES;
				CLANG_WARN_COMMA = YES;
				CLANG_WARN_CONSTANT_CONVERSION = YES;
				CLANG_WARN_DEPRECATED_OBJC_IMPLEMENTATIONS = YES;
				CLANG_WARN_DIRECT_OBJC_ISA_USAGE = YES_ERROR;
				CLANG_WARN_DOCUMENTATION_COMMENTS = YES;
				CLANG_WARN_EMPTY_BODY = YES;
				CLANG_WARN_ENUM_CONVERSION = YES;
				CLANG_WARN_INFINITE_RECURSION = YES;
				CLANG_WARN_INT_CONVERSION = YES;
				CLANG_WARN_NON_LITERAL_NULL_CONVERSION = YES;
				CLANG_WARN_OBJC_IMPLICIT_RETAIN_SELF = YES;
				CLANG_WARN_OBJC_LITERAL_CONVERSION = YES;
				CLANG_WARN_OBJC_ROOT_CLASS = YES_ERROR;
				CLANG_WARN_QUOTED_INCLUDE_IN_FRAMEWORK_HEADER = YES;
				CLANG_WARN_RANGE_LOOP_ANALYSIS = YES;
				CLANG_WARN_STRICT_PROTOTYPES = YES;
				CLANG_WARN_SUSPICIOUS_MOVE = YES;
				CLANG_WARN_UNGUARDED_AVAILABILITY = YES_AGGRESSIVE;
				CLANG_WARN_UNREACHABLE_CODE = YES;
				CLANG_WARN__DUPLICATE_METHOD_MATCH = YES;
				COPY_PHASE_STRIP = NO;
				DEBUG_INFORMATION_FORMAT = "dwarf-with-dsym";
				ENABLE_NS_ASSERTIONS = NO;
				ENABLE_STRICT_OBJC_MSGSEND = YES;
				GCC_C_LANGUAGE_STANDARD = gnu11;
				GCC_NO_COMMON_BLOCKS = YES;
				GCC_WARN_64_TO_32_BIT_CONVERSION = YES;
				GCC_WARN_ABOUT_RETURN_TYPE = YES_ERROR;
				GCC_WARN_UNDECLARED_SELECTOR = YES;
				GCC_WARN_UNINITIALIZED_AUTOS = YES_AGGRESSIVE;
				GCC_WARN_UNUSED_FUNCTION = YES;
				GCC_WARN_UNUSED_VARIABLE = YES;
				IPHONEOS_DEPLOYMENT_TARGET = 15.5;
				MTL_ENABLE_DEBUG_INFO = NO;
				MTL_FAST_MATH = YES;
				SDKROOT = iphoneos;
				SWIFT_COMPILATION_MODE = wholemodule;
				SWIFT_OPTIMIZATION_LEVEL = "-O";
				VALIDATE_PRODUCT = YES;
			};
			name = Release;
		};
		CEAE750D2874168A00CE4379 /* Debug */ = {
			isa = XCBuildConfiguration;
			buildSettings = {
				ASSETCATALOG_COMPILER_APPICON_NAME = AppIcon;
				ASSETCATALOG_COMPILER_GLOBAL_ACCENT_COLOR_NAME = AccentColor;
				CODE_SIGN_STYLE = Automatic;
				CURRENT_PROJECT_VERSION = 1;
				DEVELOPMENT_ASSET_PATHS = "\"Ukraine-Russian War/Preview Content\"";
				DEVELOPMENT_TEAM = 27U24P6TTJ;
				ENABLE_PREVIEWS = YES;
				GENERATE_INFOPLIST_FILE = YES;
				INFOPLIST_KEY_UIApplicationSceneManifest_Generation = YES;
				INFOPLIST_KEY_UIApplicationSupportsIndirectInputEvents = YES;
				INFOPLIST_KEY_UILaunchScreen_Generation = YES;
				INFOPLIST_KEY_UISupportedInterfaceOrientations_iPad = "UIInterfaceOrientationPortrait UIInterfaceOrientationPortraitUpsideDown UIInterfaceOrientationLandscapeLeft UIInterfaceOrientationLandscapeRight";
				INFOPLIST_KEY_UISupportedInterfaceOrientations_iPhone = "UIInterfaceOrientationPortrait UIInterfaceOrientationLandscapeLeft UIInterfaceOrientationLandscapeRight";
				LD_RUNPATH_SEARCH_PATHS = (
					"$(inherited)",
					"@executable_path/Frameworks",
				);
				MARKETING_VERSION = 1.0;
				PRODUCT_BUNDLE_IDENTIFIER = "com.liliyavelboy.Ukraine-Russian-War";
				PRODUCT_NAME = "$(TARGET_NAME)";
				SWIFT_EMIT_LOC_STRINGS = YES;
				SWIFT_VERSION = 5.0;
				TARGETED_DEVICE_FAMILY = "1,2";
			};
			name = Debug;
		};
		CEAE750E2874168A00CE4379 /* Release */ = {
			isa = XCBuildConfiguration;
			buildSettings = {
				ASSETCATALOG_COMPILER_APPICON_NAME = AppIcon;
				ASSETCATALOG_COMPILER_GLOBAL_ACCENT_COLOR_NAME = AccentColor;
				CODE_SIGN_STYLE = Automatic;
				CURRENT_PROJECT_VERSION = 1;
				DEVELOPMENT_ASSET_PATHS = "\"Ukraine-Russian War/Preview Content\"";
				DEVELOPMENT_TEAM = 27U24P6TTJ;
				ENABLE_PREVIEWS = YES;
				GENERATE_INFOPLIST_FILE = YES;
				INFOPLIST_KEY_UIApplicationSceneManifest_Generation = YES;
				INFOPLIST_KEY_UIApplicationSupportsIndirectInputEvents = YES;
				INFOPLIST_KEY_UILaunchScreen_Generation = YES;
				INFOPLIST_KEY_UISupportedInterfaceOrientations_iPad = "UIInterfaceOrientationPortrait UIInterfaceOrientationPortraitUpsideDown UIInterfaceOrientationLandscapeLeft UIInterfaceOrientationLandscapeRight";
				INFOPLIST_KEY_UISupportedInterfaceOrientations_iPhone = "UIInterfaceOrientationPortrait UIInterfaceOrientationLandscapeLeft UIInterfaceOrientationLandscapeRight";
				LD_RUNPATH_SEARCH_PATHS = (
					"$(inherited)",
					"@executable_path/Frameworks",
				);
				MARKETING_VERSION = 1.0;
				PRODUCT_BUNDLE_IDENTIFIER = "com.liliyavelboy.Ukraine-Russian-War";
				PRODUCT_NAME = "$(TARGET_NAME)";
				SWIFT_EMIT_LOC_STRINGS = YES;
				SWIFT_VERSION = 5.0;
				TARGETED_DEVICE_FAMILY = "1,2";
			};
			name = Release;
		};
/* End XCBuildConfiguration section */

/* Begin XCConfigurationList section */
		CEAE74F92874168900CE4379 /* Build configuration list for PBXProject "Ukraine-Russian War" */ = {
			isa = XCConfigurationList;
			buildConfigurations = (
				CEAE750A2874168A00CE4379 /* Debug */,
				CEAE750B2874168A00CE4379 /* Release */,
			);
			defaultConfigurationIsVisible = 0;
			defaultConfigurationName = Release;
		};
		CEAE750C2874168A00CE4379 /* Build configuration list for PBXNativeTarget "Ukraine-Russian War" */ = {
			isa = XCConfigurationList;
			buildConfigurations = (
				CEAE750D2874168A00CE4379 /* Debug */,
				CEAE750E2874168A00CE4379 /* Release */,
			);
			defaultConfigurationIsVisible = 0;
			defaultConfigurationName = Release;
		};
/* End XCConfigurationList section */
	};
	rootObject = CEAE74F62874168900CE4379 /* Project object */;
}
